
Microsoft Visual Studio Solution File, Format Version 12.00
# Visual Studio Version 17
VisualStudioVersion = 17.10.35122.118
MinimumVisualStudioVersion = 10.0.40219.1
Project("{D954291E-2A0B-460D-934E-DC6B0785DB48}") = "RevitRibbon_MainSourceCode", "RevitRibbon_MainSourceCode\RevitRibbon_MainSourceCode.shproj", "{C59AFAA6-2333-47DC-B689-82775FEF05BD}"
EndProject
Project("{9A19103F-16F7-4668-BE54-9A1E7A4F7556}") = "00.Template_Tab", "00.Template_Tab\00.Template_Tab.csproj", "{7167AACC-CBD4-42F0-B4F7-A7D35EFCDAB2}"
EndProject
Project("{9A19103F-16F7-4668-BE54-9A1E7A4F7556}") = "01.ConTech_Tab", "01.ConTech_Tab\01.ConTech_Tab.csproj", "{25AE920C-5D0D-4BA2-AA0B-C053765D6481}"
EndProject
Project("{9A19103F-16F7-4668-BE54-9A1E7A4F7556}") = "02.Engineering_BIM_Team_Tab", "02.Engineering_BIM_Team_Tab\02.Engineering_BIM_Team_Tab.csproj", "{2247780D-EE02-40EE-96F9-65735DCB40D2}"
EndProject
Project("{9A19103F-16F7-4668-BE54-9A1E7A4F7556}") = "03.Engineering_Mechanical_Tab", "03.Engineering_Mechanical_Tab\03.Engineering_Mechanical_Tab.csproj", "{0ED4FF28-39B7-4911-909C-C3A0E234C325}"
EndProject
Project("{9A19103F-16F7-4668-BE54-9A1E7A4F7556}") = "RevitRibbon_MainSourceCode_Resources", "RevitRibbon_MainSourceCode_Resources\RevitRibbon_MainSourceCode_Resources.csproj", "{5F05DFB7-D7B3-456F-AF9C-1B0E0B61AFF8}"
EndProject
Global
	GlobalSection(SolutionConfigurationPlatforms) = preSolution
		Debug-2020|Any CPU = Debug-2020|Any CPU
		Debug-2021|Any CPU = Debug-2021|Any CPU
		Debug-2022|Any CPU = Debug-2022|Any CPU
		Debug-2023|Any CPU = Debug-2023|Any CPU
		Debug-2024|Any CPU = Debug-2024|Any CPU
		Debug-2025|Any CPU = Debug-2025|Any CPU
		Release-2020|Any CPU = Release-2020|Any CPU
		Release-2021|Any CPU = Release-2021|Any CPU
		Release-2022|Any CPU = Release-2022|Any CPU
		Release-2023|Any CPU = Release-2023|Any CPU
		Release-2024|Any CPU = Release-2024|Any CPU
		Release-2025|Any CPU = Release-2025|Any CPU
	EndGlobalSection
	GlobalSection(ProjectConfigurationPlatforms) = postSolution
		{7167AACC-CBD4-42F0-B4F7-A7D35EFCDAB2}.Debug-2020|Any CPU.ActiveCfg = Debug-2020|Any CPU
		{7167AACC-CBD4-42F0-B4F7-A7D35EFCDAB2}.Debug-2020|Any CPU.Build.0 = Debug-2020|Any CPU
		{7167AACC-CBD4-42F0-B4F7-A7D35EFCDAB2}.Debug-2021|Any CPU.ActiveCfg = Debug-2021|Any CPU
		{7167AACC-CBD4-42F0-B4F7-A7D35EFCDAB2}.Debug-2021|Any CPU.Build.0 = Debug-2021|Any CPU
		{7167AACC-CBD4-42F0-B4F7-A7D35EFCDAB2}.Debug-2022|Any CPU.ActiveCfg = Debug-2022|Any CPU
		{7167AACC-CBD4-42F0-B4F7-A7D35EFCDAB2}.Debug-2022|Any CPU.Build.0 = Debug-2022|Any CPU
		{7167AACC-CBD4-42F0-B4F7-A7D35EFCDAB2}.Debug-2023|Any CPU.ActiveCfg = Debug-2023|Any CPU
		{7167AACC-CBD4-42F0-B4F7-A7D35EFCDAB2}.Debug-2023|Any CPU.Build.0 = Debug-2023|Any CPU
		{7167AACC-CBD4-42F0-B4F7-A7D35EFCDAB2}.Debug-2024|Any CPU.ActiveCfg = Debug-2024|Any CPU
		{7167AACC-CBD4-42F0-B4F7-A7D35EFCDAB2}.Debug-2024|Any CPU.Build.0 = Debug-2024|Any CPU
		{7167AACC-CBD4-42F0-B4F7-A7D35EFCDAB2}.Debug-2025|Any CPU.ActiveCfg = Debug-2025|Any CPU
		{7167AACC-CBD4-42F0-B4F7-A7D35EFCDAB2}.Debug-2025|Any CPU.Build.0 = Debug-2025|Any CPU
		{7167AACC-CBD4-42F0-B4F7-A7D35EFCDAB2}.Release-2020|Any CPU.ActiveCfg = Release-2020|Any CPU
		{7167AACC-CBD4-42F0-B4F7-A7D35EFCDAB2}.Release-2020|Any CPU.Build.0 = Release-2020|Any CPU
		{7167AACC-CBD4-42F0-B4F7-A7D35EFCDAB2}.Release-2021|Any CPU.ActiveCfg = Release-2021|Any CPU
		{7167AACC-CBD4-42F0-B4F7-A7D35EFCDAB2}.Release-2021|Any CPU.Build.0 = Release-2021|Any CPU
		{7167AACC-CBD4-42F0-B4F7-A7D35EFCDAB2}.Release-2022|Any CPU.ActiveCfg = Release-2022|Any CPU
		{7167AACC-CBD4-42F0-B4F7-A7D35EFCDAB2}.Release-2022|Any CPU.Build.0 = Release-2022|Any CPU
		{7167AACC-CBD4-42F0-B4F7-A7D35EFCDAB2}.Release-2023|Any CPU.ActiveCfg = Release-2023|Any CPU
		{7167AACC-CBD4-42F0-B4F7-A7D35EFCDAB2}.Release-2023|Any CPU.Build.0 = Release-2023|Any CPU
		{7167AACC-CBD4-42F0-B4F7-A7D35EFCDAB2}.Release-2024|Any CPU.ActiveCfg = Release-2024|Any CPU
		{7167AACC-CBD4-42F0-B4F7-A7D35EFCDAB2}.Release-2024|Any CPU.Build.0 = Release-2024|Any CPU
		{7167AACC-CBD4-42F0-B4F7-A7D35EFCDAB2}.Release-2025|Any CPU.ActiveCfg = Release-2025|Any CPU
		{7167AACC-CBD4-42F0-B4F7-A7D35EFCDAB2}.Release-2025|Any CPU.Build.0 = Release-2025|Any CPU
		{25AE920C-5D0D-4BA2-AA0B-C053765D6481}.Debug-2020|Any CPU.ActiveCfg = Debug-2020|Any CPU
		{25AE920C-5D0D-4BA2-AA0B-C053765D6481}.Debug-2020|Any CPU.Build.0 = Debug-2020|Any CPU
		{25AE920C-5D0D-4BA2-AA0B-C053765D6481}.Debug-2021|Any CPU.ActiveCfg = Debug-2021|Any CPU
		{25AE920C-5D0D-4BA2-AA0B-C053765D6481}.Debug-2021|Any CPU.Build.0 = Debug-2021|Any CPU
		{25AE920C-5D0D-4BA2-AA0B-C053765D6481}.Debug-2022|Any CPU.ActiveCfg = Debug-2022|Any CPU
		{25AE920C-5D0D-4BA2-AA0B-C053765D6481}.Debug-2022|Any CPU.Build.0 = Debug-2022|Any CPU
		{25AE920C-5D0D-4BA2-AA0B-C053765D6481}.Debug-2023|Any CPU.ActiveCfg = Debug-2023|Any CPU
		{25AE920C-5D0D-4BA2-AA0B-C053765D6481}.Debug-2023|Any CPU.Build.0 = Debug-2023|Any CPU
		{25AE920C-5D0D-4BA2-AA0B-C053765D6481}.Debug-2024|Any CPU.ActiveCfg = Debug-2024|Any CPU
		{25AE920C-5D0D-4BA2-AA0B-C053765D6481}.Debug-2024|Any CPU.Build.0 = Debug-2024|Any CPU
		{25AE920C-5D0D-4BA2-AA0B-C053765D6481}.Debug-2025|Any CPU.ActiveCfg = Debug-2025|Any CPU
		{25AE920C-5D0D-4BA2-AA0B-C053765D6481}.Debug-2025|Any CPU.Build.0 = Debug-2025|Any CPU
		{25AE920C-5D0D-4BA2-AA0B-C053765D6481}.Release-2020|Any CPU.ActiveCfg = Release-2020|Any CPU
		{25AE920C-5D0D-4BA2-AA0B-C053765D6481}.Release-2020|Any CPU.Build.0 = Release-2020|Any CPU
		{25AE920C-5D0D-4BA2-AA0B-C053765D6481}.Release-2021|Any CPU.ActiveCfg = Release-2021|Any CPU
		{25AE920C-5D0D-4BA2-AA0B-C053765D6481}.Release-2021|Any CPU.Build.0 = Release-2021|Any CPU
		{25AE920C-5D0D-4BA2-AA0B-C053765D6481}.Release-2022|Any CPU.ActiveCfg = Release-2022|Any CPU
		{25AE920C-5D0D-4BA2-AA0B-C053765D6481}.Release-2022|Any CPU.Build.0 = Release-2022|Any CPU
		{25AE920C-5D0D-4BA2-AA0B-C053765D6481}.Release-2023|Any CPU.ActiveCfg = Release-2023|Any CPU
		{25AE920C-5D0D-4BA2-AA0B-C053765D6481}.Release-2023|Any CPU.Build.0 = Release-2023|Any CPU
		{25AE920C-5D0D-4BA2-AA0B-C053765D6481}.Release-2024|Any CPU.ActiveCfg = Release-2024|Any CPU
		{25AE920C-5D0D-4BA2-AA0B-C053765D6481}.Release-2024|Any CPU.Build.0 = Release-2024|Any CPU
		{25AE920C-5D0D-4BA2-AA0B-C053765D6481}.Release-2025|Any CPU.ActiveCfg = Release-2025|Any CPU
		{25AE920C-5D0D-4BA2-AA0B-C053765D6481}.Release-2025|Any CPU.Build.0 = Release-2025|Any CPU
		{2247780D-EE02-40EE-96F9-65735DCB40D2}.Debug-2020|Any CPU.ActiveCfg = Debug-2020|Any CPU
		{2247780D-EE02-40EE-96F9-65735DCB40D2}.Debug-2020|Any CPU.Build.0 = Debug-2020|Any CPU
		{2247780D-EE02-40EE-96F9-65735DCB40D2}.Debug-2021|Any CPU.ActiveCfg = Debug-2021|Any CPU
		{2247780D-EE02-40EE-96F9-65735DCB40D2}.Debug-2021|Any CPU.Build.0 = Debug-2021|Any CPU
		{2247780D-EE02-40EE-96F9-65735DCB40D2}.Debug-2022|Any CPU.ActiveCfg = Debug-2022|Any CPU
		{2247780D-EE02-40EE-96F9-65735DCB40D2}.Debug-2022|Any CPU.Build.0 = Debug-2022|Any CPU
		{2247780D-EE02-40EE-96F9-65735DCB40D2}.Debug-2023|Any CPU.ActiveCfg = Debug-2023|Any CPU
		{2247780D-EE02-40EE-96F9-65735DCB40D2}.Debug-2023|Any CPU.Build.0 = Debug-2023|Any CPU
		{2247780D-EE02-40EE-96F9-65735DCB40D2}.Debug-2024|Any CPU.ActiveCfg = Debug-2024|Any CPU
		{2247780D-EE02-40EE-96F9-65735DCB40D2}.Debug-2024|Any CPU.Build.0 = Debug-2024|Any CPU
		{2247780D-EE02-40EE-96F9-65735DCB40D2}.Debug-2025|Any CPU.ActiveCfg = Debug-2025|Any CPU
		{2247780D-EE02-40EE-96F9-65735DCB40D2}.Debug-2025|Any CPU.Build.0 = Debug-2025|Any CPU
		{2247780D-EE02-40EE-96F9-65735DCB40D2}.Release-2020|Any CPU.ActiveCfg = Release-2020|Any CPU
		{2247780D-EE02-40EE-96F9-65735DCB40D2}.Release-2020|Any CPU.Build.0 = Release-2020|Any CPU
		{2247780D-EE02-40EE-96F9-65735DCB40D2}.Release-2021|Any CPU.ActiveCfg = Release-2021|Any CPU
		{2247780D-EE02-40EE-96F9-65735DCB40D2}.Release-2021|Any CPU.Build.0 = Release-2021|Any CPU
		{2247780D-EE02-40EE-96F9-65735DCB40D2}.Release-2022|Any CPU.ActiveCfg = Release-2022|Any CPU
		{2247780D-EE02-40EE-96F9-65735DCB40D2}.Release-2022|Any CPU.Build.0 = Release-2022|Any CPU
		{2247780D-EE02-40EE-96F9-65735DCB40D2}.Release-2023|Any CPU.ActiveCfg = Release-2023|Any CPU
		{2247780D-EE02-40EE-96F9-65735DCB40D2}.Release-2023|Any CPU.Build.0 = Release-2023|Any CPU
		{2247780D-EE02-40EE-96F9-65735DCB40D2}.Release-2024|Any CPU.ActiveCfg = Release-2024|Any CPU
		{2247780D-EE02-40EE-96F9-65735DCB40D2}.Release-2024|Any CPU.Build.0 = Release-2024|Any CPU
		{2247780D-EE02-40EE-96F9-65735DCB40D2}.Release-2025|Any CPU.ActiveCfg = Release-2025|Any CPU
		{2247780D-EE02-40EE-96F9-65735DCB40D2}.Release-2025|Any CPU.Build.0 = Release-2025|Any CPU
		{0ED4FF28-39B7-4911-909C-C3A0E234C325}.Debug-2020|Any CPU.ActiveCfg = Debug-2020|Any CPU
		{0ED4FF28-39B7-4911-909C-C3A0E234C325}.Debug-2020|Any CPU.Build.0 = Debug-2020|Any CPU
		{0ED4FF28-39B7-4911-909C-C3A0E234C325}.Debug-2021|Any CPU.ActiveCfg = Debug-2021|Any CPU
		{0ED4FF28-39B7-4911-909C-C3A0E234C325}.Debug-2021|Any CPU.Build.0 = Debug-2021|Any CPU
		{0ED4FF28-39B7-4911-909C-C3A0E234C325}.Debug-2022|Any CPU.ActiveCfg = Debug-2022|Any CPU
		{0ED4FF28-39B7-4911-909C-C3A0E234C325}.Debug-2022|Any CPU.Build.0 = Debug-2022|Any CPU
		{0ED4FF28-39B7-4911-909C-C3A0E234C325}.Debug-2023|Any CPU.ActiveCfg = Debug-2023|Any CPU
		{0ED4FF28-39B7-4911-909C-C3A0E234C325}.Debug-2023|Any CPU.Build.0 = Debug-2023|Any CPU
		{0ED4FF28-39B7-4911-909C-C3A0E234C325}.Debug-2024|Any CPU.ActiveCfg = Debug-2024|Any CPU
		{0ED4FF28-39B7-4911-909C-C3A0E234C325}.Debug-2024|Any CPU.Build.0 = Debug-2024|Any CPU
		{0ED4FF28-39B7-4911-909C-C3A0E234C325}.Debug-2025|Any CPU.ActiveCfg = Debug-2025|Any CPU
		{0ED4FF28-39B7-4911-909C-C3A0E234C325}.Debug-2025|Any CPU.Build.0 = Debug-2025|Any CPU
		{0ED4FF28-39B7-4911-909C-C3A0E234C325}.Release-2020|Any CPU.ActiveCfg = Release-2020|Any CPU
		{0ED4FF28-39B7-4911-909C-C3A0E234C325}.Release-2020|Any CPU.Build.0 = Release-2020|Any CPU
		{0ED4FF28-39B7-4911-909C-C3A0E234C325}.Release-2021|Any CPU.ActiveCfg = Release-2021|Any CPU
		{0ED4FF28-39B7-4911-909C-C3A0E234C325}.Release-2021|Any CPU.Build.0 = Release-2021|Any CPU
		{0ED4FF28-39B7-4911-909C-C3A0E234C325}.Release-2022|Any CPU.ActiveCfg = Release-2022|Any CPU
		{0ED4FF28-39B7-4911-909C-C3A0E234C325}.Release-2022|Any CPU.Build.0 = Release-2022|Any CPU
		{0ED4FF28-39B7-4911-909C-C3A0E234C325}.Release-2023|Any CPU.ActiveCfg = Release-2023|Any CPU
		{0ED4FF28-39B7-4911-909C-C3A0E234C325}.Release-2023|Any CPU.Build.0 = Release-2023|Any CPU
		{0ED4FF28-39B7-4911-909C-C3A0E234C325}.Release-2024|Any CPU.ActiveCfg = Release-2024|Any CPU
		{0ED4FF28-39B7-4911-909C-C3A0E234C325}.Release-2024|Any CPU.Build.0 = Release-2024|Any CPU
		{0ED4FF28-39B7-4911-909C-C3A0E234C325}.Release-2025|Any CPU.ActiveCfg = Release-2025|Any CPU
		{0ED4FF28-39B7-4911-909C-C3A0E234C325}.Release-2025|Any CPU.Build.0 = Release-2025|Any CPU
		{5F05DFB7-D7B3-456F-AF9C-1B0E0B61AFF8}.Debug-2020|Any CPU.ActiveCfg = Debug-2020|Any CPU
		{5F05DFB7-D7B3-456F-AF9C-1B0E0B61AFF8}.Debug-2020|Any CPU.Build.0 = Debug-2020|Any CPU
		{5F05DFB7-D7B3-456F-AF9C-1B0E0B61AFF8}.Debug-2021|Any CPU.ActiveCfg = Debug-2021|Any CPU
		{5F05DFB7-D7B3-456F-AF9C-1B0E0B61AFF8}.Debug-2021|Any CPU.Build.0 = Debug-2021|Any CPU
		{5F05DFB7-D7B3-456F-AF9C-1B0E0B61AFF8}.Debug-2022|Any CPU.ActiveCfg = Debug-2022|Any CPU
		{5F05DFB7-D7B3-456F-AF9C-1B0E0B61AFF8}.Debug-2022|Any CPU.Build.0 = Debug-2022|Any CPU
		{5F05DFB7-D7B3-456F-AF9C-1B0E0B61AFF8}.Debug-2023|Any CPU.ActiveCfg = Debug-2023|Any CPU
		{5F05DFB7-D7B3-456F-AF9C-1B0E0B61AFF8}.Debug-2023|Any CPU.Build.0 = Debug-2023|Any CPU
		{5F05DFB7-D7B3-456F-AF9C-1B0E0B61AFF8}.Debug-2024|Any CPU.ActiveCfg = Debug-2024|Any CPU
		{5F05DFB7-D7B3-456F-AF9C-1B0E0B61AFF8}.Debug-2024|Any CPU.Build.0 = Debug-2024|Any CPU
		{5F05DFB7-D7B3-456F-AF9C-1B0E0B61AFF8}.Debug-2025|Any CPU.ActiveCfg = Debug-2025|Any CPU
		{5F05DFB7-D7B3-456F-AF9C-1B0E0B61AFF8}.Debug-2025|Any CPU.Build.0 = Debug-2025|Any CPU
		{5F05DFB7-D7B3-456F-AF9C-1B0E0B61AFF8}.Release-2020|Any CPU.ActiveCfg = Release-2020|Any CPU
		{5F05DFB7-D7B3-456F-AF9C-1B0E0B61AFF8}.Release-2020|Any CPU.Build.0 = Release-2020|Any CPU
		{5F05DFB7-D7B3-456F-AF9C-1B0E0B61AFF8}.Release-2021|Any CPU.ActiveCfg = Release-2021|Any CPU
		{5F05DFB7-D7B3-456F-AF9C-1B0E0B61AFF8}.Release-2021|Any CPU.Build.0 = Release-2021|Any CPU
		{5F05DFB7-D7B3-456F-AF9C-1B0E0B61AFF8}.Release-2022|Any CPU.ActiveCfg = Release-2022|Any CPU
		{5F05DFB7-D7B3-456F-AF9C-1B0E0B61AFF8}.Release-2022|Any CPU.Build.0 = Release-2022|Any CPU
		{5F05DFB7-D7B3-456F-AF9C-1B0E0B61AFF8}.Release-2023|Any CPU.ActiveCfg = Release-2023|Any CPU
		{5F05DFB7-D7B3-456F-AF9C-1B0E0B61AFF8}.Release-2023|Any CPU.Build.0 = Release-2023|Any CPU
		{5F05DFB7-D7B3-456F-AF9C-1B0E0B61AFF8}.Release-2024|Any CPU.ActiveCfg = Release-2024|Any CPU
		{5F05DFB7-D7B3-456F-AF9C-1B0E0B61AFF8}.Release-2024|Any CPU.Build.0 = Release-2024|Any CPU
		{5F05DFB7-D7B3-456F-AF9C-1B0E0B61AFF8}.Release-2025|Any CPU.ActiveCfg = Release-2025|Any CPU
		{5F05DFB7-D7B3-456F-AF9C-1B0E0B61AFF8}.Release-2025|Any CPU.Build.0 = Release-2025|Any CPU
	EndGlobalSection
	GlobalSection(SolutionProperties) = preSolution
		HideSolutionNode = FALSE
	EndGlobalSection
	GlobalSection(ExtensibilityGlobals) = postSolution
		SolutionGuid = {77A6CDE9-741B-4287-8953-72B7A54EA119}
	EndGlobalSection
	GlobalSection(SharedMSBuildProjectFiles) = preSolution
		RevitRibbon_MainSourceCode\RevitRibbon_MainSourceCode.projitems*{0ed4ff28-39b7-4911-909c-c3a0e234c325}*SharedItemsImports = 5
		RevitRibbon_MainSourceCode\RevitRibbon_MainSourceCode.projitems*{2247780d-ee02-40ee-96f9-65735dcb40d2}*SharedItemsImports = 5
		RevitRibbon_MainSourceCode\RevitRibbon_MainSourceCode.projitems*{25ae920c-5d0d-4ba2-aa0b-c053765d6481}*SharedItemsImports = 5
		RevitRibbon_MainSourceCode\RevitRibbon_MainSourceCode.projitems*{7167aacc-cbd4-42f0-b4f7-a7d35efcdab2}*SharedItemsImports = 5
		RevitRibbon_MainSourceCode\RevitRibbon_MainSourceCode.projitems*{c59afaa6-2333-47dc-b689-82775fef05bd}*SharedItemsImports = 13
	EndGlobalSection
EndGlobal
